
Microsoft Visual Studio Solution File, Format Version 12.00
# Visual Studio Version 16
VisualStudioVersion = 16.0.30804.86
MinimumVisualStudioVersion = 10.0.40219.1
Project("{FAE04EC0-301F-11D3-BF4B-00C04F79EFBC}") = "Assignment 9 Crimes and Criminals", "Assignment 9 Crimes and Criminals\Assignment 9 Crimes and Criminals.csproj", "{F931A88F-3CCD-43BF-A40B-FD590F4847EB}"
EndProject
Global
	GlobalSection(SolutionConfigurationPlatforms) = preSolution
		Debug|Any CPU = Debug|Any CPU
		Release|Any CPU = Release|Any CPU
	EndGlobalSection
	GlobalSection(ProjectConfigurationPlatforms) = postSolution
		{F931A88F-3CCD-43BF-A40B-FD590F4847EB}.Debug|Any CPU.ActiveCfg = Debug|Any CPU
		{F931A88F-3CCD-43BF-A40B-FD590F4847EB}.Debug|Any CPU.Build.0 = Debug|Any CPU
		{F931A88F-3CCD-43BF-A40B-FD590F4847EB}.Release|Any CPU.ActiveCfg = Release|Any CPU
		{F931A88F-3CCD-43BF-A40B-FD590F4847EB}.Release|Any CPU.Build.0 = Release|Any CPU
	EndGlobalSection
	GlobalSection(SolutionProperties) = preSolution
		HideSolutionNode = FALSE
	EndGlobalSection
	GlobalSection(ExtensibilityGlobals) = postSolution
		SolutionGuid = {95014716-8D5C-4F2D-BC62-CCA616A88D9B}
	EndGlobalSection
EndGlobal
